
Microsoft Visual Studio Solution File, Format Version 12.00
# Visual Studio Version 17
VisualStudioVersion = 17.2.32505.173
MinimumVisualStudioVersion = 10.0.40219.1
Project("{2150E333-8FDC-42A3-9474-1A3956D46DE8}") = "Microservices", "Microservices", "{9B721336-33B4-41A4-8C6D-444AC9AC85AB}"
EndProject
Project("{2150E333-8FDC-42A3-9474-1A3956D46DE8}") = "Core", "Core", "{366D6682-6F53-4CF4-9AA4-00255B1C6E2B}"
EndProject
Project("{2150E333-8FDC-42A3-9474-1A3956D46DE8}") = "Clients", "Clients", "{97A325CD-97FB-4596-859B-A0E8BA1973BF}"
EndProject
Project("{2150E333-8FDC-42A3-9474-1A3956D46DE8}") = "CustomerService", "CustomerService", "{03C25A7D-E4CB-48B1-AE5E-B7017740766D}"
EndProject
Project("{9A19103F-16F7-4668-BE54-9A1E7A4F7556}") = "CustomerService.Api", "CustomerService.Api\CustomerService.Api.csproj", "{CA30C980-DD37-4EBF-AC01-F4E0C7340B17}"
EndProject
Project("{9A19103F-16F7-4668-BE54-9A1E7A4F7556}") = "CustomerService.Domain", "CustomerService.Domain\CustomerService.Domain.csproj", "{39166377-4DB8-4421-83CE-CAE9B53F8CB5}"
EndProject
Project("{9A19103F-16F7-4668-BE54-9A1E7A4F7556}") = "Core.Domain", "Core.Domain\Core.Domain.csproj", "{852C091C-E829-4F1B-9558-3547E177F1E1}"
EndProject
Project("{9A19103F-16F7-4668-BE54-9A1E7A4F7556}") = "CustomerService.Infrastructure", "CustomerService.Infrastructure\CustomerService.Infrastructure.csproj", "{5259CB69-798C-4E20-87B4-D7325B40BA8C}"
EndProject
Project("{9A19103F-16F7-4668-BE54-9A1E7A4F7556}") = "Core.Intrastructure", "Core.Intrastructure\Core.Intrastructure.csproj", "{52C6B663-7325-4EC3-A2A3-FB8DCA6F0A49}"
EndProject
Project("{2150E333-8FDC-42A3-9474-1A3956D46DE8}") = "ProductService", "ProductService", "{4FFFC8FD-0F1C-4144-9997-076BE03BEC4A}"
EndProject
Project("{9A19103F-16F7-4668-BE54-9A1E7A4F7556}") = "ProductService.Api", "ProductService.Api\ProductService.Api.csproj", "{8AE36BC9-180D-4D1F-AB54-F5F3C6924DDB}"
EndProject
Project("{9A19103F-16F7-4668-BE54-9A1E7A4F7556}") = "ProductService.Domain", "ProductService.Domain\ProductService.Domain.csproj", "{CD1551C8-542E-44E6-A79D-3FA290A81BE9}"
EndProject
Project("{9A19103F-16F7-4668-BE54-9A1E7A4F7556}") = "ProductService.Infrastructure", "ProductService.Infrastructure\ProductService.Infrastructure.csproj", "{65675CCA-9C18-4001-801C-0780C41E51AB}"
EndProject
Project("{2150E333-8FDC-42A3-9474-1A3956D46DE8}") = "PaymentService", "PaymentService", "{9B563666-F2E8-4A87-8A2C-D784AFBF5298}"
EndProject
Project("{9A19103F-16F7-4668-BE54-9A1E7A4F7556}") = "PaymentService.Domain", "PaymentService.Domain\PaymentService.Domain.csproj", "{54DB2159-7A2E-4653-B24D-EFABE2800524}"
EndProject
Project("{9A19103F-16F7-4668-BE54-9A1E7A4F7556}") = "PaymentService.Infrastructure", "PaymentService.Infrastructure\PaymentService.Infrastructure.csproj", "{C7627715-5471-487B-B196-B0559D4F2E54}"
EndProject
Project("{9A19103F-16F7-4668-BE54-9A1E7A4F7556}") = "PaymentService.Api", "PaymentService.Api\PaymentService.Api.csproj", "{7ED9FF41-1C6A-46F3-BF00-793C31C3EC7E}"
EndProject
Project("{9A19103F-16F7-4668-BE54-9A1E7A4F7556}") = "ConcoleClient", "ConcoleClient\ConcoleClient.csproj", "{FB56AE22-5FDB-44F5-8477-10A9930BABA3}"
EndProject
Project("{2150E333-8FDC-42A3-9474-1A3956D46DE8}") = "OCRService", "OCRService", "{6A840941-25A1-470A-8AFA-CE4FFEB67A89}"
EndProject
Project("{9A19103F-16F7-4668-BE54-9A1E7A4F7556}") = "OCRService.Api", "OCRService.Api\OCRService.Api.csproj", "{5E4D6947-4AE7-411C-AD10-681198D31ED6}"
EndProject
Project("{2150E333-8FDC-42A3-9474-1A3956D46DE8}") = "TrackingService", "TrackingService", "{CEBE717C-120D-486B-9311-F39D96D3EA72}"
EndProject
Project("{9A19103F-16F7-4668-BE54-9A1E7A4F7556}") = "TrackingService.Domain", "TrackingService.Domain\TrackingService.Domain.csproj", "{462472C6-6677-4E0B-8118-7B394BC40D6B}"
EndProject
Project("{9A19103F-16F7-4668-BE54-9A1E7A4F7556}") = "TrackingService.Api", "TrackingService.Api\TrackingService.Api.csproj", "{F302FD3A-E3F9-4AB6-B5A7-3A63DB8CB5DD}"
EndProject
Project("{9A19103F-16F7-4668-BE54-9A1E7A4F7556}") = "SignalRConsoleSender", "SignalRConsoleSender\SignalRConsoleSender.csproj", "{E73687D1-4E64-4CCC-9625-8336950F7B0E}"
EndProject
Project("{9A19103F-16F7-4668-BE54-9A1E7A4F7556}") = "SignalRConsoleReceiver", "SignalRConsoleReceiver\SignalRConsoleReceiver.csproj", "{AF6B89AA-4618-41CB-B04F-7E8FDD167FD1}"
EndProject
Project("{2150E333-8FDC-42A3-9474-1A3956D46DE8}") = "WarehouseService", "WarehouseService", "{AC6D83EA-626B-4F42-81A7-E146D1DD9BC0}"
EndProject
Project("{9A19103F-16F7-4668-BE54-9A1E7A4F7556}") = "WarehouseService.Api", "WarehouseService.Api\WarehouseService.Api.csproj", "{960BD1DE-1D55-4BBE-8701-254067FF969B}"
EndProject
Project("{9A19103F-16F7-4668-BE54-9A1E7A4F7556}") = "gRPCConsoleClient", "gRPCConsoleClient\gRPCConsoleClient.csproj", "{1E9558FB-D770-4E02-BE2B-02A1F06A7EBF}"
EndProject
Project("{2150E333-8FDC-42A3-9474-1A3956D46DE8}") = "DeliveryService", "DeliveryService", "{B27A790B-5016-41D2-BE8D-80215F79FC30}"
EndProject
Project("{9A19103F-16F7-4668-BE54-9A1E7A4F7556}") = "DeliveryService.Api", "DeliveryService.Api\DeliveryService.Api.csproj", "{09FB2A5D-398F-4324-BE38-C31AFE3D7333}"
EndProject
Project("{9A19103F-16F7-4668-BE54-9A1E7A4F7556}") = "DeliveryService.Contracts", "DeliveryService.Contracts\DeliveryService.Contracts.csproj", "{9D429DED-41B7-422F-8F63-5FD6CB8E007C}"
EndProject
Project("{9A19103F-16F7-4668-BE54-9A1E7A4F7556}") = "gRPCCodeFirstConsoleClient", "gRPCCodeFirstConsoleClient\gRPCCodeFirstConsoleClient.csproj", "{831612A3-A467-465A-A89B-259021AD328C}"
EndProject
Project("{2150E333-8FDC-42A3-9474-1A3956D46DE8}") = "InvoiceServices", "InvoiceServices", "{6B6C7029-996B-4578-8A08-2CFA56BAF126}"
EndProject
Project("{9A19103F-16F7-4668-BE54-9A1E7A4F7556}") = "InvoiceService.Infrastructure", "InvoiceService.Infrastructure\InvoiceService.Infrastructure.csproj", "{67EA6FE3-4F83-459B-9459-F44466CEE7FC}"
EndProject
Project("{9A19103F-16F7-4668-BE54-9A1E7A4F7556}") = "InvoiceService.Domain", "InvoiceService.Domain\InvoiceService.Domain.csproj", "{940F92A3-0136-492A-AC6A-7521638E8296}"
EndProject
Project("{9A19103F-16F7-4668-BE54-9A1E7A4F7556}") = "InvoiceService.Api", "InvoiceService.Api\InvoiceService.Api.csproj", "{D642897B-35AD-417E-B830-BDB9EB74B827}"
EndProject
Project("{2150E333-8FDC-42A3-9474-1A3956D46DE8}") = "AuthService", "AuthService", "{8FBC0B26-F7B1-4828-93B8-BCACA33AD29F}"
EndProject
Project("{9A19103F-16F7-4668-BE54-9A1E7A4F7556}") = "AuthService.Api", "AuthService\AuthService.Api.csproj", "{6A98D575-AFB6-4710-A896-1CFD43745444}"
EndProject
Project("{9A19103F-16F7-4668-BE54-9A1E7A4F7556}") = "AuthService.Domain", "AuthService.Domain\AuthService.Domain.csproj", "{5EB24433-4218-40CA-8A2F-A4C83F7FA349}"
EndProject
Project("{9A19103F-16F7-4668-BE54-9A1E7A4F7556}") = "AuthService.Infrastructure", "AuthService.Infrastructure\AuthService.Infrastructure.csproj", "{A3450067-737A-4821-8ABD-E2ED1DD302D8}"
EndProject
Project("{2150E333-8FDC-42A3-9474-1A3956D46DE8}") = "DriverService", "DriverService", "{6B8E1E44-E00D-46B3-8C7B-B0EEF06C4A0A}"
EndProject
Project("{9A19103F-16F7-4668-BE54-9A1E7A4F7556}") = "DriverService.Api", "DriverService.Api\DriverService.Api.csproj", "{6B14AC3D-E643-458F-9D9F-1EC28EC82E0C}"
EndProject
Project("{2150E333-8FDC-42A3-9474-1A3956D46DE8}") = "GatewayService", "GatewayService", "{FAFE65C3-19C8-4DEE-8EF8-F788E7D01CDD}"
EndProject
Project("{FAE04EC0-301F-11D3-BF4B-00C04F79EFBC}") = "GatewayService.Api", "GatewayService.Api\GatewayService.Api.csproj", "{AE3BC7F4-FF30-4551-BF52-71D04D7ADE1B}"
EndProject
Global
	GlobalSection(SolutionConfigurationPlatforms) = preSolution
		Debug|Any CPU = Debug|Any CPU
		Release|Any CPU = Release|Any CPU
	EndGlobalSection
	GlobalSection(ProjectConfigurationPlatforms) = postSolution
		{CA30C980-DD37-4EBF-AC01-F4E0C7340B17}.Debug|Any CPU.ActiveCfg = Debug|Any CPU
		{CA30C980-DD37-4EBF-AC01-F4E0C7340B17}.Debug|Any CPU.Build.0 = Debug|Any CPU
		{CA30C980-DD37-4EBF-AC01-F4E0C7340B17}.Release|Any CPU.ActiveCfg = Release|Any CPU
		{CA30C980-DD37-4EBF-AC01-F4E0C7340B17}.Release|Any CPU.Build.0 = Release|Any CPU
		{39166377-4DB8-4421-83CE-CAE9B53F8CB5}.Debug|Any CPU.ActiveCfg = Debug|Any CPU
		{39166377-4DB8-4421-83CE-CAE9B53F8CB5}.Debug|Any CPU.Build.0 = Debug|Any CPU
		{39166377-4DB8-4421-83CE-CAE9B53F8CB5}.Release|Any CPU.ActiveCfg = Release|Any CPU
		{39166377-4DB8-4421-83CE-CAE9B53F8CB5}.Release|Any CPU.Build.0 = Release|Any CPU
		{852C091C-E829-4F1B-9558-3547E177F1E1}.Debug|Any CPU.ActiveCfg = Debug|Any CPU
		{852C091C-E829-4F1B-9558-3547E177F1E1}.Debug|Any CPU.Build.0 = Debug|Any CPU
		{852C091C-E829-4F1B-9558-3547E177F1E1}.Release|Any CPU.ActiveCfg = Release|Any CPU
		{852C091C-E829-4F1B-9558-3547E177F1E1}.Release|Any CPU.Build.0 = Release|Any CPU
		{5259CB69-798C-4E20-87B4-D7325B40BA8C}.Debug|Any CPU.ActiveCfg = Debug|Any CPU
		{5259CB69-798C-4E20-87B4-D7325B40BA8C}.Debug|Any CPU.Build.0 = Debug|Any CPU
		{5259CB69-798C-4E20-87B4-D7325B40BA8C}.Release|Any CPU.ActiveCfg = Release|Any CPU
		{5259CB69-798C-4E20-87B4-D7325B40BA8C}.Release|Any CPU.Build.0 = Release|Any CPU
		{52C6B663-7325-4EC3-A2A3-FB8DCA6F0A49}.Debug|Any CPU.ActiveCfg = Debug|Any CPU
		{52C6B663-7325-4EC3-A2A3-FB8DCA6F0A49}.Debug|Any CPU.Build.0 = Debug|Any CPU
		{52C6B663-7325-4EC3-A2A3-FB8DCA6F0A49}.Release|Any CPU.ActiveCfg = Release|Any CPU
		{52C6B663-7325-4EC3-A2A3-FB8DCA6F0A49}.Release|Any CPU.Build.0 = Release|Any CPU
		{8AE36BC9-180D-4D1F-AB54-F5F3C6924DDB}.Debug|Any CPU.ActiveCfg = Debug|Any CPU
		{8AE36BC9-180D-4D1F-AB54-F5F3C6924DDB}.Debug|Any CPU.Build.0 = Debug|Any CPU
		{8AE36BC9-180D-4D1F-AB54-F5F3C6924DDB}.Release|Any CPU.ActiveCfg = Release|Any CPU
		{8AE36BC9-180D-4D1F-AB54-F5F3C6924DDB}.Release|Any CPU.Build.0 = Release|Any CPU
		{CD1551C8-542E-44E6-A79D-3FA290A81BE9}.Debug|Any CPU.ActiveCfg = Debug|Any CPU
		{CD1551C8-542E-44E6-A79D-3FA290A81BE9}.Debug|Any CPU.Build.0 = Debug|Any CPU
		{CD1551C8-542E-44E6-A79D-3FA290A81BE9}.Release|Any CPU.ActiveCfg = Release|Any CPU
		{CD1551C8-542E-44E6-A79D-3FA290A81BE9}.Release|Any CPU.Build.0 = Release|Any CPU
		{65675CCA-9C18-4001-801C-0780C41E51AB}.Debug|Any CPU.ActiveCfg = Debug|Any CPU
		{65675CCA-9C18-4001-801C-0780C41E51AB}.Debug|Any CPU.Build.0 = Debug|Any CPU
		{65675CCA-9C18-4001-801C-0780C41E51AB}.Release|Any CPU.ActiveCfg = Release|Any CPU
		{65675CCA-9C18-4001-801C-0780C41E51AB}.Release|Any CPU.Build.0 = Release|Any CPU
		{54DB2159-7A2E-4653-B24D-EFABE2800524}.Debug|Any CPU.ActiveCfg = Debug|Any CPU
		{54DB2159-7A2E-4653-B24D-EFABE2800524}.Debug|Any CPU.Build.0 = Debug|Any CPU
		{54DB2159-7A2E-4653-B24D-EFABE2800524}.Release|Any CPU.ActiveCfg = Release|Any CPU
		{54DB2159-7A2E-4653-B24D-EFABE2800524}.Release|Any CPU.Build.0 = Release|Any CPU
		{C7627715-5471-487B-B196-B0559D4F2E54}.Debug|Any CPU.ActiveCfg = Debug|Any CPU
		{C7627715-5471-487B-B196-B0559D4F2E54}.Debug|Any CPU.Build.0 = Debug|Any CPU
		{C7627715-5471-487B-B196-B0559D4F2E54}.Release|Any CPU.ActiveCfg = Release|Any CPU
		{C7627715-5471-487B-B196-B0559D4F2E54}.Release|Any CPU.Build.0 = Release|Any CPU
		{7ED9FF41-1C6A-46F3-BF00-793C31C3EC7E}.Debug|Any CPU.ActiveCfg = Debug|Any CPU
		{7ED9FF41-1C6A-46F3-BF00-793C31C3EC7E}.Debug|Any CPU.Build.0 = Debug|Any CPU
		{7ED9FF41-1C6A-46F3-BF00-793C31C3EC7E}.Release|Any CPU.ActiveCfg = Release|Any CPU
		{7ED9FF41-1C6A-46F3-BF00-793C31C3EC7E}.Release|Any CPU.Build.0 = Release|Any CPU
		{FB56AE22-5FDB-44F5-8477-10A9930BABA3}.Debug|Any CPU.ActiveCfg = Debug|Any CPU
		{FB56AE22-5FDB-44F5-8477-10A9930BABA3}.Debug|Any CPU.Build.0 = Debug|Any CPU
		{FB56AE22-5FDB-44F5-8477-10A9930BABA3}.Release|Any CPU.ActiveCfg = Release|Any CPU
		{FB56AE22-5FDB-44F5-8477-10A9930BABA3}.Release|Any CPU.Build.0 = Release|Any CPU
		{5E4D6947-4AE7-411C-AD10-681198D31ED6}.Debug|Any CPU.ActiveCfg = Debug|Any CPU
		{5E4D6947-4AE7-411C-AD10-681198D31ED6}.Debug|Any CPU.Build.0 = Debug|Any CPU
		{5E4D6947-4AE7-411C-AD10-681198D31ED6}.Release|Any CPU.ActiveCfg = Release|Any CPU
		{5E4D6947-4AE7-411C-AD10-681198D31ED6}.Release|Any CPU.Build.0 = Release|Any CPU
		{462472C6-6677-4E0B-8118-7B394BC40D6B}.Debug|Any CPU.ActiveCfg = Debug|Any CPU
		{462472C6-6677-4E0B-8118-7B394BC40D6B}.Debug|Any CPU.Build.0 = Debug|Any CPU
		{462472C6-6677-4E0B-8118-7B394BC40D6B}.Release|Any CPU.ActiveCfg = Release|Any CPU
		{462472C6-6677-4E0B-8118-7B394BC40D6B}.Release|Any CPU.Build.0 = Release|Any CPU
		{F302FD3A-E3F9-4AB6-B5A7-3A63DB8CB5DD}.Debug|Any CPU.ActiveCfg = Debug|Any CPU
		{F302FD3A-E3F9-4AB6-B5A7-3A63DB8CB5DD}.Debug|Any CPU.Build.0 = Debug|Any CPU
		{F302FD3A-E3F9-4AB6-B5A7-3A63DB8CB5DD}.Release|Any CPU.ActiveCfg = Release|Any CPU
		{F302FD3A-E3F9-4AB6-B5A7-3A63DB8CB5DD}.Release|Any CPU.Build.0 = Release|Any CPU
		{E73687D1-4E64-4CCC-9625-8336950F7B0E}.Debug|Any CPU.ActiveCfg = Debug|Any CPU
		{E73687D1-4E64-4CCC-9625-8336950F7B0E}.Debug|Any CPU.Build.0 = Debug|Any CPU
		{E73687D1-4E64-4CCC-9625-8336950F7B0E}.Release|Any CPU.ActiveCfg = Release|Any CPU
		{E73687D1-4E64-4CCC-9625-8336950F7B0E}.Release|Any CPU.Build.0 = Release|Any CPU
		{AF6B89AA-4618-41CB-B04F-7E8FDD167FD1}.Debug|Any CPU.ActiveCfg = Debug|Any CPU
		{AF6B89AA-4618-41CB-B04F-7E8FDD167FD1}.Debug|Any CPU.Build.0 = Debug|Any CPU
		{AF6B89AA-4618-41CB-B04F-7E8FDD167FD1}.Release|Any CPU.ActiveCfg = Release|Any CPU
		{AF6B89AA-4618-41CB-B04F-7E8FDD167FD1}.Release|Any CPU.Build.0 = Release|Any CPU
		{960BD1DE-1D55-4BBE-8701-254067FF969B}.Debug|Any CPU.ActiveCfg = Debug|Any CPU
		{960BD1DE-1D55-4BBE-8701-254067FF969B}.Debug|Any CPU.Build.0 = Debug|Any CPU
		{960BD1DE-1D55-4BBE-8701-254067FF969B}.Release|Any CPU.ActiveCfg = Release|Any CPU
		{960BD1DE-1D55-4BBE-8701-254067FF969B}.Release|Any CPU.Build.0 = Release|Any CPU
		{1E9558FB-D770-4E02-BE2B-02A1F06A7EBF}.Debug|Any CPU.ActiveCfg = Debug|Any CPU
		{1E9558FB-D770-4E02-BE2B-02A1F06A7EBF}.Debug|Any CPU.Build.0 = Debug|Any CPU
		{1E9558FB-D770-4E02-BE2B-02A1F06A7EBF}.Release|Any CPU.ActiveCfg = Release|Any CPU
		{1E9558FB-D770-4E02-BE2B-02A1F06A7EBF}.Release|Any CPU.Build.0 = Release|Any CPU
		{09FB2A5D-398F-4324-BE38-C31AFE3D7333}.Debug|Any CPU.ActiveCfg = Debug|Any CPU
		{09FB2A5D-398F-4324-BE38-C31AFE3D7333}.Debug|Any CPU.Build.0 = Debug|Any CPU
		{09FB2A5D-398F-4324-BE38-C31AFE3D7333}.Release|Any CPU.ActiveCfg = Release|Any CPU
		{09FB2A5D-398F-4324-BE38-C31AFE3D7333}.Release|Any CPU.Build.0 = Release|Any CPU
		{9D429DED-41B7-422F-8F63-5FD6CB8E007C}.Debug|Any CPU.ActiveCfg = Debug|Any CPU
		{9D429DED-41B7-422F-8F63-5FD6CB8E007C}.Debug|Any CPU.Build.0 = Debug|Any CPU
		{9D429DED-41B7-422F-8F63-5FD6CB8E007C}.Release|Any CPU.ActiveCfg = Release|Any CPU
		{9D429DED-41B7-422F-8F63-5FD6CB8E007C}.Release|Any CPU.Build.0 = Release|Any CPU
		{831612A3-A467-465A-A89B-259021AD328C}.Debug|Any CPU.ActiveCfg = Debug|Any CPU
		{831612A3-A467-465A-A89B-259021AD328C}.Debug|Any CPU.Build.0 = Debug|Any CPU
		{831612A3-A467-465A-A89B-259021AD328C}.Release|Any CPU.ActiveCfg = Release|Any CPU
		{831612A3-A467-465A-A89B-259021AD328C}.Release|Any CPU.Build.0 = Release|Any CPU
		{67EA6FE3-4F83-459B-9459-F44466CEE7FC}.Debug|Any CPU.ActiveCfg = Debug|Any CPU
		{67EA6FE3-4F83-459B-9459-F44466CEE7FC}.Debug|Any CPU.Build.0 = Debug|Any CPU
		{67EA6FE3-4F83-459B-9459-F44466CEE7FC}.Release|Any CPU.ActiveCfg = Release|Any CPU
		{67EA6FE3-4F83-459B-9459-F44466CEE7FC}.Release|Any CPU.Build.0 = Release|Any CPU
		{940F92A3-0136-492A-AC6A-7521638E8296}.Debug|Any CPU.ActiveCfg = Debug|Any CPU
		{940F92A3-0136-492A-AC6A-7521638E8296}.Debug|Any CPU.Build.0 = Debug|Any CPU
		{940F92A3-0136-492A-AC6A-7521638E8296}.Release|Any CPU.ActiveCfg = Release|Any CPU
		{940F92A3-0136-492A-AC6A-7521638E8296}.Release|Any CPU.Build.0 = Release|Any CPU
		{D642897B-35AD-417E-B830-BDB9EB74B827}.Debug|Any CPU.ActiveCfg = Debug|Any CPU
		{D642897B-35AD-417E-B830-BDB9EB74B827}.Debug|Any CPU.Build.0 = Debug|Any CPU
		{D642897B-35AD-417E-B830-BDB9EB74B827}.Release|Any CPU.ActiveCfg = Release|Any CPU
		{D642897B-35AD-417E-B830-BDB9EB74B827}.Release|Any CPU.Build.0 = Release|Any CPU
		{6A98D575-AFB6-4710-A896-1CFD43745444}.Debug|Any CPU.ActiveCfg = Debug|Any CPU
		{6A98D575-AFB6-4710-A896-1CFD43745444}.Debug|Any CPU.Build.0 = Debug|Any CPU
		{6A98D575-AFB6-4710-A896-1CFD43745444}.Release|Any CPU.ActiveCfg = Release|Any CPU
		{6A98D575-AFB6-4710-A896-1CFD43745444}.Release|Any CPU.Build.0 = Release|Any CPU
		{5EB24433-4218-40CA-8A2F-A4C83F7FA349}.Debug|Any CPU.ActiveCfg = Debug|Any CPU
		{5EB24433-4218-40CA-8A2F-A4C83F7FA349}.Debug|Any CPU.Build.0 = Debug|Any CPU
		{5EB24433-4218-40CA-8A2F-A4C83F7FA349}.Release|Any CPU.ActiveCfg = Release|Any CPU
		{5EB24433-4218-40CA-8A2F-A4C83F7FA349}.Release|Any CPU.Build.0 = Release|Any CPU
		{A3450067-737A-4821-8ABD-E2ED1DD302D8}.Debug|Any CPU.ActiveCfg = Debug|Any CPU
		{A3450067-737A-4821-8ABD-E2ED1DD302D8}.Debug|Any CPU.Build.0 = Debug|Any CPU
		{A3450067-737A-4821-8ABD-E2ED1DD302D8}.Release|Any CPU.ActiveCfg = Release|Any CPU
		{A3450067-737A-4821-8ABD-E2ED1DD302D8}.Release|Any CPU.Build.0 = Release|Any CPU
		{6B14AC3D-E643-458F-9D9F-1EC28EC82E0C}.Debug|Any CPU.ActiveCfg = Debug|Any CPU
		{6B14AC3D-E643-458F-9D9F-1EC28EC82E0C}.Debug|Any CPU.Build.0 = Debug|Any CPU
		{6B14AC3D-E643-458F-9D9F-1EC28EC82E0C}.Release|Any CPU.ActiveCfg = Release|Any CPU
		{6B14AC3D-E643-458F-9D9F-1EC28EC82E0C}.Release|Any CPU.Build.0 = Release|Any CPU
		{AE3BC7F4-FF30-4551-BF52-71D04D7ADE1B}.Debug|Any CPU.ActiveCfg = Debug|Any CPU
		{AE3BC7F4-FF30-4551-BF52-71D04D7ADE1B}.Debug|Any CPU.Build.0 = Debug|Any CPU
		{AE3BC7F4-FF30-4551-BF52-71D04D7ADE1B}.Release|Any CPU.ActiveCfg = Release|Any CPU
		{AE3BC7F4-FF30-4551-BF52-71D04D7ADE1B}.Release|Any CPU.Build.0 = Release|Any CPU
	EndGlobalSection
	GlobalSection(SolutionProperties) = preSolution
		HideSolutionNode = FALSE
	EndGlobalSection
	GlobalSection(NestedProjects) = preSolution
		{03C25A7D-E4CB-48B1-AE5E-B7017740766D} = {9B721336-33B4-41A4-8C6D-444AC9AC85AB}
		{CA30C980-DD37-4EBF-AC01-F4E0C7340B17} = {03C25A7D-E4CB-48B1-AE5E-B7017740766D}
		{39166377-4DB8-4421-83CE-CAE9B53F8CB5} = {03C25A7D-E4CB-48B1-AE5E-B7017740766D}
		{852C091C-E829-4F1B-9558-3547E177F1E1} = {366D6682-6F53-4CF4-9AA4-00255B1C6E2B}
		{5259CB69-798C-4E20-87B4-D7325B40BA8C} = {03C25A7D-E4CB-48B1-AE5E-B7017740766D}
		{52C6B663-7325-4EC3-A2A3-FB8DCA6F0A49} = {366D6682-6F53-4CF4-9AA4-00255B1C6E2B}
		{4FFFC8FD-0F1C-4144-9997-076BE03BEC4A} = {9B721336-33B4-41A4-8C6D-444AC9AC85AB}
		{8AE36BC9-180D-4D1F-AB54-F5F3C6924DDB} = {4FFFC8FD-0F1C-4144-9997-076BE03BEC4A}
		{CD1551C8-542E-44E6-A79D-3FA290A81BE9} = {4FFFC8FD-0F1C-4144-9997-076BE03BEC4A}
		{65675CCA-9C18-4001-801C-0780C41E51AB} = {4FFFC8FD-0F1C-4144-9997-076BE03BEC4A}
		{9B563666-F2E8-4A87-8A2C-D784AFBF5298} = {9B721336-33B4-41A4-8C6D-444AC9AC85AB}
		{54DB2159-7A2E-4653-B24D-EFABE2800524} = {9B563666-F2E8-4A87-8A2C-D784AFBF5298}
		{C7627715-5471-487B-B196-B0559D4F2E54} = {9B563666-F2E8-4A87-8A2C-D784AFBF5298}
		{7ED9FF41-1C6A-46F3-BF00-793C31C3EC7E} = {9B563666-F2E8-4A87-8A2C-D784AFBF5298}
		{FB56AE22-5FDB-44F5-8477-10A9930BABA3} = {97A325CD-97FB-4596-859B-A0E8BA1973BF}
		{6A840941-25A1-470A-8AFA-CE4FFEB67A89} = {9B721336-33B4-41A4-8C6D-444AC9AC85AB}
		{5E4D6947-4AE7-411C-AD10-681198D31ED6} = {6A840941-25A1-470A-8AFA-CE4FFEB67A89}
		{CEBE717C-120D-486B-9311-F39D96D3EA72} = {9B721336-33B4-41A4-8C6D-444AC9AC85AB}
		{462472C6-6677-4E0B-8118-7B394BC40D6B} = {CEBE717C-120D-486B-9311-F39D96D3EA72}
		{F302FD3A-E3F9-4AB6-B5A7-3A63DB8CB5DD} = {CEBE717C-120D-486B-9311-F39D96D3EA72}
		{E73687D1-4E64-4CCC-9625-8336950F7B0E} = {97A325CD-97FB-4596-859B-A0E8BA1973BF}
		{AF6B89AA-4618-41CB-B04F-7E8FDD167FD1} = {97A325CD-97FB-4596-859B-A0E8BA1973BF}
		{AC6D83EA-626B-4F42-81A7-E146D1DD9BC0} = {9B721336-33B4-41A4-8C6D-444AC9AC85AB}
		{960BD1DE-1D55-4BBE-8701-254067FF969B} = {AC6D83EA-626B-4F42-81A7-E146D1DD9BC0}
		{1E9558FB-D770-4E02-BE2B-02A1F06A7EBF} = {97A325CD-97FB-4596-859B-A0E8BA1973BF}
		{B27A790B-5016-41D2-BE8D-80215F79FC30} = {9B721336-33B4-41A4-8C6D-444AC9AC85AB}
		{09FB2A5D-398F-4324-BE38-C31AFE3D7333} = {B27A790B-5016-41D2-BE8D-80215F79FC30}
		{9D429DED-41B7-422F-8F63-5FD6CB8E007C} = {B27A790B-5016-41D2-BE8D-80215F79FC30}
		{831612A3-A467-465A-A89B-259021AD328C} = {97A325CD-97FB-4596-859B-A0E8BA1973BF}
		{6B6C7029-996B-4578-8A08-2CFA56BAF126} = {9B721336-33B4-41A4-8C6D-444AC9AC85AB}
		{67EA6FE3-4F83-459B-9459-F44466CEE7FC} = {6B6C7029-996B-4578-8A08-2CFA56BAF126}
		{940F92A3-0136-492A-AC6A-7521638E8296} = {6B6C7029-996B-4578-8A08-2CFA56BAF126}
		{D642897B-35AD-417E-B830-BDB9EB74B827} = {6B6C7029-996B-4578-8A08-2CFA56BAF126}
		{8FBC0B26-F7B1-4828-93B8-BCACA33AD29F} = {9B721336-33B4-41A4-8C6D-444AC9AC85AB}
		{6A98D575-AFB6-4710-A896-1CFD43745444} = {8FBC0B26-F7B1-4828-93B8-BCACA33AD29F}
		{5EB24433-4218-40CA-8A2F-A4C83F7FA349} = {8FBC0B26-F7B1-4828-93B8-BCACA33AD29F}
		{A3450067-737A-4821-8ABD-E2ED1DD302D8} = {8FBC0B26-F7B1-4828-93B8-BCACA33AD29F}
		{6B8E1E44-E00D-46B3-8C7B-B0EEF06C4A0A} = {9B721336-33B4-41A4-8C6D-444AC9AC85AB}
		{6B14AC3D-E643-458F-9D9F-1EC28EC82E0C} = {6B8E1E44-E00D-46B3-8C7B-B0EEF06C4A0A}
		{FAFE65C3-19C8-4DEE-8EF8-F788E7D01CDD} = {9B721336-33B4-41A4-8C6D-444AC9AC85AB}
		{AE3BC7F4-FF30-4551-BF52-71D04D7ADE1B} = {FAFE65C3-19C8-4DEE-8EF8-F788E7D01CDD}
	EndGlobalSection
	GlobalSection(ExtensibilityGlobals) = postSolution
		SolutionGuid = {70D87B49-DF67-4324-8A4A-E8E101724080}
	EndGlobalSection
EndGlobal
